
Microsoft Visual Studio Solution File, Format Version 12.00
# Visual Studio Version 16
VisualStudioVersion = 16.0.31624.102
MinimumVisualStudioVersion = 10.0.40219.1
Project("{FAE04EC0-301F-11D3-BF4B-00C04F79EFBC}") = "e_ticaret", "e_ticaret\e_ticaret.csproj", "{FC061D90-C286-4CA1-A614-C98F057BE334}"
EndProject
Global
	GlobalSection(SolutionConfigurationPlatforms) = preSolution
		Debug|Any CPU = Debug|Any CPU
		Release|Any CPU = Release|Any CPU
	EndGlobalSection
	GlobalSection(ProjectConfigurationPlatforms) = postSolution
		{FC061D90-C286-4CA1-A614-C98F057BE334}.Debug|Any CPU.ActiveCfg = Debug|Any CPU
		{FC061D90-C286-4CA1-A614-C98F057BE334}.Debug|Any CPU.Build.0 = Debug|Any CPU
		{FC061D90-C286-4CA1-A614-C98F057BE334}.Release|Any CPU.ActiveCfg = Release|Any CPU
		{FC061D90-C286-4CA1-A614-C98F057BE334}.Release|Any CPU.Build.0 = Release|Any CPU
	EndGlobalSection
	GlobalSection(SolutionProperties) = preSolution
		HideSolutionNode = FALSE
	EndGlobalSection
	GlobalSection(ExtensibilityGlobals) = postSolution
		SolutionGuid = {F9FA042B-BD54-4AF3-94D0-76B4C206C0FA}
	EndGlobalSection
EndGlobal
